
Microsoft Visual Studio Solution File, Format Version 12.00
# Visual Studio Version 16
VisualStudioVersion = 16.0.32602.291
MinimumVisualStudioVersion = 10.0.40219.1
Project("{8BC9CEB8-8B4A-11D0-8D11-00A0C91BC942}") = "ConsoleApplicationPythonTest", "ConsoleApplicationPythonTest\ConsoleApplicationPythonTest.vcxproj", "{919DB667-5C49-4BB2-853E-18223F2D16DB}"
EndProject
Global
	GlobalSection(SolutionConfigurationPlatforms) = preSolution
		Debug|x64 = Debug|x64
		Debug|x86 = Debug|x86
		Release|x64 = Release|x64
		Release|x86 = Release|x86
	EndGlobalSection
	GlobalSection(ProjectConfigurationPlatforms) = postSolution
		{919DB667-5C49-4BB2-853E-18223F2D16DB}.Debug|x64.ActiveCfg = Debug|x64
		{919DB667-5C49-4BB2-853E-18223F2D16DB}.Debug|x64.Build.0 = Debug|x64
		{919DB667-5C49-4BB2-853E-18223F2D16DB}.Debug|x86.ActiveCfg = Debug|Win32
		{919DB667-5C49-4BB2-853E-18223F2D16DB}.Debug|x86.Build.0 = Debug|Win32
		{919DB667-5C49-4BB2-853E-18223F2D16DB}.Release|x64.ActiveCfg = Release|x64
		{919DB667-5C49-4BB2-853E-18223F2D16DB}.Release|x64.Build.0 = Release|x64
		{919DB667-5C49-4BB2-853E-18223F2D16DB}.Release|x86.ActiveCfg = Release|Win32
		{919DB667-5C49-4BB2-853E-18223F2D16DB}.Release|x86.Build.0 = Release|Win32
	EndGlobalSection
	GlobalSection(SolutionProperties) = preSolution
		HideSolutionNode = FALSE
	EndGlobalSection
	GlobalSection(ExtensibilityGlobals) = postSolution
		SolutionGuid = {89B9DEB9-687C-451A-8CB0-9331832FBFFF}
	EndGlobalSection
EndGlobal
